// !$*UTF8*$!
{
	archiveVersion = 1;
	classes = {
	};
	objectVersion = 55;
	objects = {

/* Begin PBXBuildFile section */
		660C2A6E28C632E10099B9D3 /* AppDelegate.swift in Sources */ = {isa = PBXBuildFile; fileRef = 660C2A6D28C632E10099B9D3 /* AppDelegate.swift */; };
		660C2A7028C632E10099B9D3 /* SceneDelegate.swift in Sources */ = {isa = PBXBuildFile; fileRef = 660C2A6F28C632E10099B9D3 /* SceneDelegate.swift */; };
		660C2A7228C632E10099B9D3 /* ViewController.swift in Sources */ = {isa = PBXBuildFile; fileRef = 660C2A7128C632E10099B9D3 /* ViewController.swift */; };
		660C2A7528C632E10099B9D3 /* Main.storyboard in Resources */ = {isa = PBXBuildFile; fileRef = 660C2A7328C632E10099B9D3 /* Main.storyboard */; };
		660C2A7728C632E20099B9D3 /* Assets.xcassets in Resources */ = {isa = PBXBuildFile; fileRef = 660C2A7628C632E20099B9D3 /* Assets.xcassets */; };
		660C2A7A28C632E20099B9D3 /* LaunchScreen.storyboard in Resources */ = {isa = PBXBuildFile; fileRef = 660C2A7828C632E20099B9D3 /* LaunchScreen.storyboard */; };
		660C2A8728C635850099B9D3 /* Color.xcassets in Resources */ = {isa = PBXBuildFile; fileRef = 660C2A8628C635850099B9D3 /* Color.xcassets */; };
		7231BE2B53EABBE988C72D62 /* Pods_Timefy.framework in Frameworks */ = {isa = PBXBuildFile; fileRef = AD7AB7BBEEFCD294E6A66F9B /* Pods_Timefy.framework */; };
/* End PBXBuildFile section */

/* Begin PBXFileReference section */
		60EE1206B4FBC3D4BD46A4F0 /* Pods-Timefy.release.xcconfig */ = {isa = PBXFileReference; includeInIndex = 1; lastKnownFileType = text.xcconfig; name = "Pods-Timefy.release.xcconfig"; path = "Target Support Files/Pods-Timefy/Pods-Timefy.release.xcconfig"; sourceTree = "<group>"; };
		660C2A6A28C632E10099B9D3 /* Timefy.app */ = {isa = PBXFileReference; explicitFileType = wrapper.application; includeInIndex = 0; path = Timefy.app; sourceTree = BUILT_PRODUCTS_DIR; };
		660C2A6D28C632E10099B9D3 /* AppDelegate.swift */ = {isa = PBXFileReference; lastKnownFileType = sourcecode.swift; path = AppDelegate.swift; sourceTree = "<group>"; };
		660C2A6F28C632E10099B9D3 /* SceneDelegate.swift */ = {isa = PBXFileReference; lastKnownFileType = sourcecode.swift; path = SceneDelegate.swift; sourceTree = "<group>"; };
		660C2A7128C632E10099B9D3 /* ViewController.swift */ = {isa = PBXFileReference; lastKnownFileType = sourcecode.swift; path = ViewController.swift; sourceTree = "<group>"; };
		660C2A7428C632E10099B9D3 /* Base */ = {isa = PBXFileReference; lastKnownFileType = file.storyboard; name = Base; path = Base.lproj/Main.storyboard; sourceTree = "<group>"; };
		660C2A7628C632E20099B9D3 /* Assets.xcassets */ = {isa = PBXFileReference; lastKnownFileType = folder.assetcatalog; path = Assets.xcassets; sourceTree = "<group>"; };
		660C2A7928C632E20099B9D3 /* Base */ = {isa = PBXFileReference; lastKnownFileType = file.storyboard; name = Base; path = Base.lproj/LaunchScreen.storyboard; sourceTree = "<group>"; };
		660C2A7B28C632E20099B9D3 /* Info.plist */ = {isa = PBXFileReference; lastKnownFileType = text.plist.xml; path = Info.plist; sourceTree = "<group>"; };
		660C2A8628C635850099B9D3 /* Color.xcassets */ = {isa = PBXFileReference; lastKnownFileType = folder.assetcatalog; path = Color.xcassets; sourceTree = "<group>"; };
		AD7AB7BBEEFCD294E6A66F9B /* Pods_Timefy.framework */ = {isa = PBXFileReference; explicitFileType = wrapper.framework; includeInIndex = 0; path = Pods_Timefy.framework; sourceTree = BUILT_PRODUCTS_DIR; };
		EC2D2F151936203BE7860B69 /* Pods-Timefy.debug.xcconfig */ = {isa = PBXFileReference; includeInIndex = 1; lastKnownFileType = text.xcconfig; name = "Pods-Timefy.debug.xcconfig"; path = "Target Support Files/Pods-Timefy/Pods-Timefy.debug.xcconfig"; sourceTree = "<group>"; };
/* End PBXFileReference section */

/* Begin PBXFrameworksBuildPhase section */
		660C2A6728C632E10099B9D3 /* Frameworks */ = {
			isa = PBXFrameworksBuildPhase;
			buildActionMask = 2147483647;
			files = (
				7231BE2B53EABBE988C72D62 /* Pods_Timefy.framework in Frameworks */,
			);
			runOnlyForDeploymentPostprocessing = 0;
		};
/* End PBXFrameworksBuildPhase section */

/* Begin PBXGroup section */
		44949108A70FE285F1F18607 /* Frameworks */ = {
			isa = PBXGroup;
			children = (
				AD7AB7BBEEFCD294E6A66F9B /* Pods_Timefy.framework */,
			);
			name = Frameworks;
			sourceTree = "<group>";
		};
		660C2A6128C632E10099B9D3 = {
			isa = PBXGroup;
			children = (
				660C2A6C28C632E10099B9D3 /* Timefy */,
				660C2A6B28C632E10099B9D3 /* Products */,
				FA574195EB3264162B8C6829 /* Pods */,
				44949108A70FE285F1F18607 /* Frameworks */,
			);
			sourceTree = "<group>";
		};
		660C2A6B28C632E10099B9D3 /* Products */ = {
			isa = PBXGroup;
			children = (
				660C2A6A28C632E10099B9D3 /* Timefy.app */,
			);
			name = Products;
			sourceTree = "<group>";
		};
		660C2A6C28C632E10099B9D3 /* Timefy */ = {
			isa = PBXGroup;
			children = (
				660C2A7B28C632E20099B9D3 /* Info.plist */,
				660C2A8228C6355B0099B9D3 /* App */,
				660C2A8528C6356F0099B9D3 /* Asset */,
				660C2A7328C632E10099B9D3 /* Main.storyboard */,
				660C2A8328C635610099B9D3 /* Scene */,
				66E23C0F28C7792A0004E59A /* ViewControllers */,
				66E23C1028C779310004E59A /* ViewModels */,
			);
			path = Timefy;
			sourceTree = "<group>";
		};
		660C2A8228C6355B0099B9D3 /* App */ = {
			isa = PBXGroup;
			children = (
				660C2A6F28C632E10099B9D3 /* SceneDelegate.swift */,
				660C2A6D28C632E10099B9D3 /* AppDelegate.swift */,
			);
			path = App;
			sourceTree = "<group>";
		};
		660C2A8328C635610099B9D3 /* Scene */ = {
			isa = PBXGroup;
			children = (
				660C2A8428C635670099B9D3 /* LaunchScreen */,
			);
			path = Scene;
			sourceTree = "<group>";
		};
		660C2A8428C635670099B9D3 /* LaunchScreen */ = {
			isa = PBXGroup;
			children = (
				660C2A7828C632E20099B9D3 /* LaunchScreen.storyboard */,
			);
			path = LaunchScreen;
			sourceTree = "<group>";
		};
		660C2A8528C6356F0099B9D3 /* Asset */ = {
			isa = PBXGroup;
			children = (
				660C2A7628C632E20099B9D3 /* Assets.xcassets */,
				660C2A8628C635850099B9D3 /* Color.xcassets */,
			);
			path = Asset;
			sourceTree = "<group>";
		};
		66E23C0F28C7792A0004E59A /* ViewControllers */ = {
			isa = PBXGroup;
			children = (
				660C2A7128C632E10099B9D3 /* ViewController.swift */,
			);
			path = ViewControllers;
			sourceTree = "<group>";
		};
		66E23C1028C779310004E59A /* ViewModels */ = {
			isa = PBXGroup;
			children = (
			);
			path = ViewModels;
			sourceTree = "<group>";
		};
		FA574195EB3264162B8C6829 /* Pods */ = {
			isa = PBXGroup;
			children = (
				EC2D2F151936203BE7860B69 /* Pods-Timefy.debug.xcconfig */,
				60EE1206B4FBC3D4BD46A4F0 /* Pods-Timefy.release.xcconfig */,
			);
			path = Pods;
			sourceTree = "<group>";
		};
/* End PBXGroup section */

/* Begin PBXNativeTarget section */
		660C2A6928C632E10099B9D3 /* Timefy */ = {
			isa = PBXNativeTarget;
			buildConfigurationList = 660C2A7E28C632E20099B9D3 /* Build configuration list for PBXNativeTarget "Timefy" */;
			buildPhases = (
				1ED6253169C64B1EE66D912A /* [CP] Check Pods Manifest.lock */,
				660C2A6628C632E10099B9D3 /* Sources */,
				660C2A6728C632E10099B9D3 /* Frameworks */,
				660C2A6828C632E10099B9D3 /* Resources */,
				660C2A8128C634AF0099B9D3 /* ShellScript */,
			);
			buildRules = (
			);
			dependencies = (
			);
			name = Timefy;
			productName = Timefy;
			productReference = 660C2A6A28C632E10099B9D3 /* Timefy.app */;
			productType = "com.apple.product-type.application";
		};
/* End PBXNativeTarget section */

/* Begin PBXProject section */
		660C2A6228C632E10099B9D3 /* Project object */ = {
			isa = PBXProject;
			attributes = {
				BuildIndependentTargetsInParallel = 1;
				LastSwiftUpdateCheck = 1340;
				LastUpgradeCheck = 1340;
				TargetAttributes = {
					660C2A6928C632E10099B9D3 = {
						CreatedOnToolsVersion = 13.4.1;
					};
				};
			};
			buildConfigurationList = 660C2A6528C632E10099B9D3 /* Build configuration list for PBXProject "Timefy" */;
			compatibilityVersion = "Xcode 13.0";
			developmentRegion = en;
			hasScannedForEncodings = 0;
			knownRegions = (
				en,
				Base,
			);
			mainGroup = 660C2A6128C632E10099B9D3;
			productRefGroup = 660C2A6B28C632E10099B9D3 /* Products */;
			projectDirPath = "";
			projectRoot = "";
			targets = (
				660C2A6928C632E10099B9D3 /* Timefy */,
			);
		};
/* End PBXProject section */

/* Begin PBXResourcesBuildPhase section */
		660C2A6828C632E10099B9D3 /* Resources */ = {
			isa = PBXResourcesBuildPhase;
			buildActionMask = 2147483647;
			files = (
				660C2A7A28C632E20099B9D3 /* LaunchScreen.storyboard in Resources */,
				660C2A8728C635850099B9D3 /* Color.xcassets in Resources */,
				660C2A7728C632E20099B9D3 /* Assets.xcassets in Resources */,
				660C2A7528C632E10099B9D3 /* Main.storyboard in Resources */,
			);
			runOnlyForDeploymentPostprocessing = 0;
		};
/* End PBXResourcesBuildPhase section */

/* Begin PBXShellScriptBuildPhase section */
		1ED6253169C64B1EE66D912A /* [CP] Check Pods Manifest.lock */ = {
			isa = PBXShellScriptBuildPhase;
			buildActionMask = 2147483647;
			files = (
			);
			inputFileListPaths = (
			);
			inputPaths = (
				"${PODS_PODFILE_DIR_PATH}/Podfile.lock",
				"${PODS_ROOT}/Manifest.lock",
			);
			name = "[CP] Check Pods Manifest.lock";
			outputFileListPaths = (
			);
			outputPaths = (
				"$(DERIVED_FILE_DIR)/Pods-Timefy-checkManifestLockResult.txt",
			);
			runOnlyForDeploymentPostprocessing = 0;
			shellPath = /bin/sh;
			shellScript = "diff \"${PODS_PODFILE_DIR_PATH}/Podfile.lock\" \"${PODS_ROOT}/Manifest.lock\" > /dev/null\nif [ $? != 0 ] ; then\n    # print error to STDERR\n    echo \"error: The sandbox is not in sync with the Podfile.lock. Run 'pod install' or update your CocoaPods installation.\" >&2\n    exit 1\nfi\n# This output is used by Xcode 'outputs' to avoid re-running this script phase.\necho \"SUCCESS\" > \"${SCRIPT_OUTPUT_FILE_0}\"\n";
			showEnvVarsInLog = 0;
		};
		660C2A8128C634AF0099B9D3 /* ShellScript */ = {
			isa = PBXShellScriptBuildPhase;
			buildActionMask = 2147483647;
			files = (
			);
			inputFileListPaths = (
			);
			inputPaths = (
			);
			outputFileListPaths = (
			);
			outputPaths = (
			);
			runOnlyForDeploymentPostprocessing = 0;
			shellPath = /bin/sh;
			shellScript = "# Type a script or drag a script file from your workspace to insert its path.\nexport PATH=\"$PATH:/opt/homebrew/bin\"\nif which swiftlint > /dev/null; then\n  swiftlint\nelse\n  echo \"warning: SwiftLint not installed, download from https://github.com/realm/SwiftLint\"\nfi\n";
		};
/* End PBXShellScriptBuildPhase section */

/* Begin PBXSourcesBuildPhase section */
		660C2A6628C632E10099B9D3 /* Sources */ = {
			isa = PBXSourcesBuildPhase;
			buildActionMask = 2147483647;
			files = (
				660C2A7228C632E10099B9D3 /* ViewController.swift in Sources */,
				660C2A6E28C632E10099B9D3 /* AppDelegate.swift in Sources */,
				660C2A7028C632E10099B9D3 /* SceneDelegate.swift in Sources */,
			);
			runOnlyForDeploymentPostprocessing = 0;
		};
/* End PBXSourcesBuildPhase section */

/* Begin PBXVariantGroup section */
		660C2A7328C632E10099B9D3 /* Main.storyboard */ = {
			isa = PBXVariantGroup;
			children = (
				660C2A7428C632E10099B9D3 /* Base */,
			);
			name = Main.storyboard;
			sourceTree = "<group>";
		};
		660C2A7828C632E20099B9D3 /* LaunchScreen.storyboard */ = {
			isa = PBXVariantGroup;
			children = (
				660C2A7928C632E20099B9D3 /* Base */,
			);
			name = LaunchScreen.storyboard;
			sourceTree = "<group>";
		};
/* End PBXVariantGroup section */

/* Begin XCBuildConfiguration section */
		660C2A7C28C632E20099B9D3 /* Debug */ = {
			isa = XCBuildConfiguration;
			buildSettings = {
				ALWAYS_SEARCH_USER_PATHS = NO;
				CLANG_ANALYZER_NONNULL = YES;
				CLANG_ANALYZER_NUMBER_OBJECT_CONVERSION = YES_AGGRESSIVE;
				CLANG_CXX_LANGUAGE_STANDARD = "gnu++17";
				CLANG_ENABLE_MODULES = YES;
				CLANG_ENABLE_OBJC_ARC = YES;
				CLANG_ENABLE_OBJC_WEAK = YES;
				CLANG_WARN_BLOCK_CAPTURE_AUTORELEASING = YES;
				CLANG_WARN_BOOL_CONVERSION = YES;
				CLANG_WARN_COMMA = YES;
				CLANG_WARN_CONSTANT_CONVERSION = YES;
				CLANG_WARN_DEPRECATED_OBJC_IMPLEMENTATIONS = YES;
				CLANG_WARN_DIRECT_OBJC_ISA_USAGE = YES_ERROR;
				CLANG_WARN_DOCUMENTATION_COMMENTS = YES;
				CLANG_WARN_EMPTY_BODY = YES;
				CLANG_WARN_ENUM_CONVERSION = YES;
				CLANG_WARN_INFINITE_RECURSION = YES;
				CLANG_WARN_INT_CONVERSION = YES;
				CLANG_WARN_NON_LITERAL_NULL_CONVERSION = YES;
				CLANG_WARN_OBJC_IMPLICIT_RETAIN_SELF = YES;
				CLANG_WARN_OBJC_LITERAL_CONVERSION = YES;
				CLANG_WARN_OBJC_ROOT_CLASS = YES_ERROR;
				CLANG_WARN_QUOTED_INCLUDE_IN_FRAMEWORK_HEADER = YES;
				CLANG_WARN_RANGE_LOOP_ANALYSIS = YES;
				CLANG_WARN_STRICT_PROTOTYPES = YES;
				CLANG_WARN_SUSPICIOUS_MOVE = YES;
				CLANG_WARN_UNGUARDED_AVAILABILITY = YES_AGGRESSIVE;
				CLANG_WARN_UNREACHABLE_CODE = YES;
				CLANG_WARN__DUPLICATE_METHOD_MATCH = YES;
				COPY_PHASE_STRIP = NO;
				DEBUG_INFORMATION_FORMAT = dwarf;
				ENABLE_STRICT_OBJC_MSGSEND = YES;
				ENABLE_TESTABILITY = YES;
				GCC_C_LANGUAGE_STANDARD = gnu11;
				GCC_DYNAMIC_NO_PIC = NO;
				GCC_NO_COMMON_BLOCKS = YES;
				GCC_OPTIMIZATION_LEVEL = 0;
				GCC_PREPROCESSOR_DEFINITIONS = (
					"DEBUG=1",
					"$(inherited)",
				);
				GCC_WARN_64_TO_32_BIT_CONVERSION = YES;
				GCC_WARN_ABOUT_RETURN_TYPE = YES_ERROR;
				GCC_WARN_UNDECLARED_SELECTOR = YES;
				GCC_WARN_UNINITIALIZED_AUTOS = YES_AGGRESSIVE;
				GCC_WARN_UNUSED_FUNCTION = YES;
				GCC_WARN_UNUSED_VARIABLE = YES;
				IPHONEOS_DEPLOYMENT_TARGET = 15.5;
				MTL_ENABLE_DEBUG_INFO = INCLUDE_SOURCE;
				MTL_FAST_MATH = YES;
				ONLY_ACTIVE_ARCH = YES;
				SDKROOT = iphoneos;
				SWIFT_ACTIVE_COMPILATION_CONDITIONS = DEBUG;
				SWIFT_OPTIMIZATION_LEVEL = "-Onone";
			};
			name = Debug;
		};
		660C2A7D28C632E20099B9D3 /* Release */ = {
			isa = XCBuildConfiguration;
			buildSettings = {
				ALWAYS_SEARCH_USER_PATHS = NO;
				CLANG_ANALYZER_NONNULL = YES;
				CLANG_ANALYZER_NUMBER_OBJECT_CONVERSION = YES_AGGRESSIVE;
				CLANG_CXX_LANGUAGE_STANDARD = "gnu++17";
				CLANG_ENABLE_MODULES = YES;
				CLANG_ENABLE_OBJC_ARC = YES;
				CLANG_ENABLE_OBJC_WEAK = YES;
				CLANG_WARN_BLOCK_CAPTURE_AUTORELEASING = YES;
				CLANG_WARN_BOOL_CONVERSION = YES;
				CLANG_WARN_COMMA = YES;
				CLANG_WARN_CONSTANT_CONVERSION = YES;
				CLANG_WARN_DEPRECATED_OBJC_IMPLEMENTATIONS = YES;
				CLANG_WARN_DIRECT_OBJC_ISA_USAGE = YES_ERROR;
				CLANG_WARN_DOCUMENTATION_COMMENTS = YES;
				CLANG_WARN_EMPTY_BODY = YES;
				CLANG_WARN_ENUM_CONVERSION = YES;
				CLANG_WARN_INFINITE_RECURSION = YES;
				CLANG_WARN_INT_CONVERSION = YES;
				CLANG_WARN_NON_LITERAL_NULL_CONVERSION = YES;
				CLANG_WARN_OBJC_IMPLICIT_RETAIN_SELF = YES;
				CLANG_WARN_OBJC_LITERAL_CONVERSION = YES;
				CLANG_WARN_OBJC_ROOT_CLASS = YES_ERROR;
				CLANG_WARN_QUOTED_INCLUDE_IN_FRAMEWORK_HEADER = YES;
				CLANG_WARN_RANGE_LOOP_ANALYSIS = YES;
				CLANG_WARN_STRICT_PROTOTYPES = YES;
				CLANG_WARN_SUSPICIOUS_MOVE = YES;
				CLANG_WARN_UNGUARDED_AVAILABILITY = YES_AGGRESSIVE;
				CLANG_WARN_UNREACHABLE_CODE = YES;
				CLANG_WARN__DUPLICATE_METHOD_MATCH = YES;
				COPY_PHASE_STRIP = NO;
				DEBUG_INFORMATION_FORMAT = "dwarf-with-dsym";
				ENABLE_NS_ASSERTIONS = NO;
				ENABLE_STRICT_OBJC_MSGSEND = YES;
				GCC_C_LANGUAGE_STANDARD = gnu11;
				GCC_NO_COMMON_BLOCKS = YES;
				GCC_WARN_64_TO_32_BIT_CONVERSION = YES;
				GCC_WARN_ABOUT_RETURN_TYPE = YES_ERROR;
				GCC_WARN_UNDECLARED_SELECTOR = YES;
				GCC_WARN_UNINITIALIZED_AUTOS = YES_AGGRESSIVE;
				GCC_WARN_UNUSED_FUNCTION = YES;
				GCC_WARN_UNUSED_VARIABLE = YES;
				IPHONEOS_DEPLOYMENT_TARGET = 15.5;
				MTL_ENABLE_DEBUG_INFO = NO;
				MTL_FAST_MATH = YES;
				SDKROOT = iphoneos;
				SWIFT_COMPILATION_MODE = wholemodule;
				SWIFT_OPTIMIZATION_LEVEL = "-O";
				VALIDATE_PRODUCT = YES;
			};
			name = Release;
		};
		660C2A7F28C632E20099B9D3 /* Debug */ = {
			isa = XCBuildConfiguration;
			baseConfigurationReference = EC2D2F151936203BE7860B69 /* Pods-Timefy.debug.xcconfig */;
			buildSettings = {
				ASSETCATALOG_COMPILER_APPICON_NAME = AppIcon;
				ASSETCATALOG_COMPILER_GLOBAL_ACCENT_COLOR_NAME = AccentColor;
				CODE_SIGN_STYLE = Automatic;
				CURRENT_PROJECT_VERSION = 1;
				DEVELOPMENT_TEAM = TDM98LHC53;
				GENERATE_INFOPLIST_FILE = YES;
				INFOPLIST_FILE = Timefy/Info.plist;
				INFOPLIST_KEY_UIApplicationSupportsIndirectInputEvents = YES;
				INFOPLIST_KEY_UILaunchStoryboardName = LaunchScreen;
				INFOPLIST_KEY_UIMainStoryboardFile = Main;
				INFOPLIST_KEY_UISupportedInterfaceOrientations_iPad = "UIInterfaceOrientationPortrait UIInterfaceOrientationPortraitUpsideDown UIInterfaceOrientationLandscapeLeft UIInterfaceOrientationLandscapeRight";
				INFOPLIST_KEY_UISupportedInterfaceOrientations_iPhone = "UIInterfaceOrientationPortrait UIInterfaceOrientationLandscapeLeft UIInterfaceOrientationLandscapeRight";
				LD_RUNPATH_SEARCH_PATHS = (
					"$(inherited)",
					"@executable_path/Frameworks",
				);
				MARKETING_VERSION = 1.0;
				PRODUCT_BUNDLE_IDENTIFIER = dogancan.Timefy;
				PRODUCT_NAME = "$(TARGET_NAME)";
				SWIFT_EMIT_LOC_STRINGS = YES;
				SWIFT_VERSION = 5.0;
				TARGETED_DEVICE_FAMILY = 1;
			};
			name = Debug;
		};
		660C2A8028C632E20099B9D3 /* Release */ = {
			isa = XCBuildConfiguration;
			baseConfigurationReference = 60EE1206B4FBC3D4BD46A4F0 /* Pods-Timefy.release.xcconfig */;
			buildSettings = {
				ASSETCATALOG_COMPILER_APPICON_NAME = AppIcon;
				ASSETCATALOG_COMPILER_GLOBAL_ACCENT_COLOR_NAME = AccentColor;
				CODE_SIGN_STYLE = Automatic;
				CURRENT_PROJECT_VERSION = 1;
				DEVELOPMENT_TEAM = TDM98LHC53;
				GENERATE_INFOPLIST_FILE = YES;
				INFOPLIST_FILE = Timefy/Info.plist;
				INFOPLIST_KEY_UIApplicationSupportsIndirectInputEvents = YES;
				INFOPLIST_KEY_UILaunchStoryboardName = LaunchScreen;
				INFOPLIST_KEY_UIMainStoryboardFile = Main;
				INFOPLIST_KEY_UISupportedInterfaceOrientations_iPad = "UIInterfaceOrientationPortrait UIInterfaceOrientationPortraitUpsideDown UIInterfaceOrientationLandscapeLeft UIInterfaceOrientationLandscapeRight";
				INFOPLIST_KEY_UISupportedInterfaceOrientations_iPhone = "UIInterfaceOrientationPortrait UIInterfaceOrientationLandscapeLeft UIInterfaceOrientationLandscapeRight";
				LD_RUNPATH_SEARCH_PATHS = (
					"$(inherited)",
					"@executable_path/Frameworks",
				);
				MARKETING_VERSION = 1.0;
				PRODUCT_BUNDLE_IDENTIFIER = dogancan.Timefy;
				PRODUCT_NAME = "$(TARGET_NAME)";
				SWIFT_EMIT_LOC_STRINGS = YES;
				SWIFT_VERSION = 5.0;
				TARGETED_DEVICE_FAMILY = 1;
			};
			name = Release;
		};
/* End XCBuildConfiguration section */

/* Begin XCConfigurationList section */
		660C2A6528C632E10099B9D3 /* Build configuration list for PBXProject "Timefy" */ = {
			isa = XCConfigurationList;
			buildConfigurations = (
				660C2A7C28C632E20099B9D3 /* Debug */,
				660C2A7D28C632E20099B9D3 /* Release */,
			);
			defaultConfigurationIsVisible = 0;
			defaultConfigurationName = Release;
		};
		660C2A7E28C632E20099B9D3 /* Build configuration list for PBXNativeTarget "Timefy" */ = {
			isa = XCConfigurationList;
			buildConfigurations = (
				660C2A7F28C632E20099B9D3 /* Debug */,
				660C2A8028C632E20099B9D3 /* Release */,
			);
			defaultConfigurationIsVisible = 0;
			defaultConfigurationName = Release;
		};
/* End XCConfigurationList section */
	};
	rootObject = 660C2A6228C632E10099B9D3 /* Project object */;
}
